// !$*UTF8*$!
{
	archiveVersion = 1;
	classes = {
	};
	objectVersion = 56;
	objects = {

/* Begin PBXBuildFile section */
		CB3DC0EA2D4E65850018D9A7 /* Assets.xcassets in Resources */ = {isa = PBXBuildFile; fileRef = CB3DC0E92D4E65850018D9A7 /* Assets.xcassets */; };
		CB3DC0ED2D4E65850018D9A7 /* Preview Assets.xcassets in Resources */ = {isa = PBXBuildFile; fileRef = CB3DC0EC2D4E65850018D9A7 /* Preview Assets.xcassets */; };
		CB3DC1162D4E6C040018D9A7 /* KafkaHummusCafeApp.swift in Sources */ = {isa = PBXBuildFile; fileRef = CB3DC1152D4E6C040018D9A7 /* KafkaHummusCafeApp.swift */; };
		CB3DC1182D4E6C580018D9A7 /* ContentView.swift in Sources */ = {isa = PBXBuildFile; fileRef = CB3DC1172D4E6C580018D9A7 /* ContentView.swift */; };
		CB3DC11A2D4E6C6B0018D9A7 /* ThemeColors.swift in Sources */ = {isa = PBXBuildFile; fileRef = CB3DC1192D4E6C6B0018D9A7 /* ThemeColors.swift */; };
		CB3DC11C2D4E6C830018D9A7 /* Transaction.swift in Sources */ = {isa = PBXBuildFile; fileRef = CB3DC11B2D4E6C830018D9A7 /* Transaction.swift */; };
		CB3DC11E2D4E6CB70018D9A7 /* LoginViewModel.swift in Sources */ = {isa = PBXBuildFile; fileRef = CB3DC11D2D4E6CB70018D9A7 /* LoginViewModel.swift */; };
		CB3DC1202D4E6CC20018D9A7 /* LoginView.swift in Sources */ = {isa = PBXBuildFile; fileRef = CB3DC11F2D4E6CC20018D9A7 /* LoginView.swift */; };
		CB3DC1222D4E6CFA0018D9A7 /* DashboardViewModel.swift in Sources */ = {isa = PBXBuildFile; fileRef = CB3DC1212D4E6CFA0018D9A7 /* DashboardViewModel.swift */; };
		CB3DC1242D4E6D020018D9A7 /* DashboardView.swift in Sources */ = {isa = PBXBuildFile; fileRef = CB3DC1232D4E6D020018D9A7 /* DashboardView.swift */; };
		CB3DC1262D4E6D1F0018D9A7 /* AnalyticsViewModel.swift in Sources */ = {isa = PBXBuildFile; fileRef = CB3DC1252D4E6D1F0018D9A7 /* AnalyticsViewModel.swift */; };
		CB3DC1282D4E6D300018D9A7 /* AnalyticsView.swift in Sources */ = {isa = PBXBuildFile; fileRef = CB3DC1272D4E6D2F0018D9A7 /* AnalyticsView.swift */; };
		CB3DC12A2D4E6D4D0018D9A7 /* TransactionInputViewModel.swift in Sources */ = {isa = PBXBuildFile; fileRef = CB3DC1292D4E6D4D0018D9A7 /* TransactionInputViewModel.swift */; };
		CB3DC12C2D4E6D5D0018D9A7 /* TransactionInputView.swift in Sources */ = {isa = PBXBuildFile; fileRef = CB3DC12B2D4E6D5D0018D9A7 /* TransactionInputView.swift */; };
		CB3DC12E2D4E6DA50018D9A7 /* ScanResult.swift in Sources */ = {isa = PBXBuildFile; fileRef = CB3DC12D2D4E6DA50018D9A7 /* ScanResult.swift */; };
		CB3DC1392D4E72180018D9A7 /* PersistenceController.swift in Sources */ = {isa = PBXBuildFile; fileRef = CB3DC1382D4E72180018D9A7 /* PersistenceController.swift */; };
		CB3DC13B2D4E749E0018D9A7 /* InvoicePreview.swift in Sources */ = {isa = PBXBuildFile; fileRef = CB3DC13A2D4E749E0018D9A7 /* InvoicePreview.swift */; };
		CB3DC13D2D4E74BE0018D9A7 /* InvoicePreviewViewModel.swift in Sources */ = {isa = PBXBuildFile; fileRef = CB3DC13C2D4E74BE0018D9A7 /* InvoicePreviewViewModel.swift */; };
		CB3DC13F2D4E75460018D9A7 /* InvoicePreviewView.swift in Sources */ = {isa = PBXBuildFile; fileRef = CB3DC13E2D4E75460018D9A7 /* InvoicePreviewView.swift */; };
		CB3DC1422D4E75F30018D9A7 /* KafkaHummusCafe.xcdatamodeld in Sources */ = {isa = PBXBuildFile; fileRef = CB3DC1402D4E75F30018D9A7 /* KafkaHummusCafe.xcdatamodeld */; };
/* End PBXBuildFile section */

/* Begin PBXFileReference section */
		CB3DC0E22D4E65830018D9A7 /* KafkaHummusCafe.app */ = {isa = PBXFileReference; explicitFileType = wrapper.application; includeInIndex = 0; path = KafkaHummusCafe.app; sourceTree = BUILT_PRODUCTS_DIR; };
		CB3DC0E92D4E65850018D9A7 /* Assets.xcassets */ = {isa = PBXFileReference; lastKnownFileType = folder.assetcatalog; path = Assets.xcassets; sourceTree = "<group>"; };
		CB3DC0EC2D4E65850018D9A7 /* Preview Assets.xcassets */ = {isa = PBXFileReference; lastKnownFileType = folder.assetcatalog; path = "Preview Assets.xcassets"; sourceTree = "<group>"; };
		CB3DC1152D4E6C040018D9A7 /* KafkaHummusCafeApp.swift */ = {isa = PBXFileReference; lastKnownFileType = sourcecode.swift; path = KafkaHummusCafeApp.swift; sourceTree = "<group>"; };
		CB3DC1172D4E6C580018D9A7 /* ContentView.swift */ = {isa = PBXFileReference; fileEncoding = 4; lastKnownFileType = sourcecode.swift; path = ContentView.swift; sourceTree = "<group>"; };
		CB3DC1192D4E6C6B0018D9A7 /* ThemeColors.swift */ = {isa = PBXFileReference; fileEncoding = 4; lastKnownFileType = sourcecode.swift; path = ThemeColors.swift; sourceTree = "<group>"; };
		CB3DC11B2D4E6C830018D9A7 /* Transaction.swift */ = {isa = PBXFileReference; fileEncoding = 4; lastKnownFileType = sourcecode.swift; path = Transaction.swift; sourceTree = "<group>"; };
		CB3DC11D2D4E6CB70018D9A7 /* LoginViewModel.swift */ = {isa = PBXFileReference; fileEncoding = 4; lastKnownFileType = sourcecode.swift; path = LoginViewModel.swift; sourceTree = "<group>"; };
		CB3DC11F2D4E6CC20018D9A7 /* LoginView.swift */ = {isa = PBXFileReference; fileEncoding = 4; lastKnownFileType = sourcecode.swift; path = LoginView.swift; sourceTree = "<group>"; };
		CB3DC1212D4E6CFA0018D9A7 /* DashboardViewModel.swift */ = {isa = PBXFileReference; fileEncoding = 4; lastKnownFileType = sourcecode.swift; path = DashboardViewModel.swift; sourceTree = "<group>"; };
		CB3DC1232D4E6D020018D9A7 /* DashboardView.swift */ = {isa = PBXFileReference; fileEncoding = 4; lastKnownFileType = sourcecode.swift; path = DashboardView.swift; sourceTree = "<group>"; };
		CB3DC1252D4E6D1F0018D9A7 /* AnalyticsViewModel.swift */ = {isa = PBXFileReference; fileEncoding = 4; lastKnownFileType = sourcecode.swift; path = AnalyticsViewModel.swift; sourceTree = "<group>"; };
		CB3DC1272D4E6D2F0018D9A7 /* AnalyticsView.swift */ = {isa = PBXFileReference; fileEncoding = 4; lastKnownFileType = sourcecode.swift; path = AnalyticsView.swift; sourceTree = "<group>"; };
		CB3DC1292D4E6D4D0018D9A7 /* TransactionInputViewModel.swift */ = {isa = PBXFileReference; fileEncoding = 4; lastKnownFileType = sourcecode.swift; path = TransactionInputViewModel.swift; sourceTree = "<group>"; };
		CB3DC12B2D4E6D5D0018D9A7 /* TransactionInputView.swift */ = {isa = PBXFileReference; fileEncoding = 4; lastKnownFileType = sourcecode.swift; path = TransactionInputView.swift; sourceTree = "<group>"; };
		CB3DC12D2D4E6DA50018D9A7 /* ScanResult.swift */ = {isa = PBXFileReference; fileEncoding = 4; lastKnownFileType = sourcecode.swift; path = ScanResult.swift; sourceTree = "<group>"; };
		CB3DC1382D4E72180018D9A7 /* PersistenceController.swift */ = {isa = PBXFileReference; fileEncoding = 4; lastKnownFileType = sourcecode.swift; path = PersistenceController.swift; sourceTree = "<group>"; };
		CB3DC13A2D4E749E0018D9A7 /* InvoicePreview.swift */ = {isa = PBXFileReference; fileEncoding = 4; lastKnownFileType = sourcecode.swift; path = InvoicePreview.swift; sourceTree = "<group>"; };
		CB3DC13C2D4E74BE0018D9A7 /* InvoicePreviewViewModel.swift */ = {isa = PBXFileReference; fileEncoding = 4; lastKnownFileType = sourcecode.swift; path = InvoicePreviewViewModel.swift; sourceTree = "<group>"; };
		CB3DC13E2D4E75460018D9A7 /* InvoicePreviewView.swift */ = {isa = PBXFileReference; fileEncoding = 4; lastKnownFileType = sourcecode.swift; path = InvoicePreviewView.swift; sourceTree = "<group>"; };
		CB3DC1412D4E75F30018D9A7 /* KafkaHummusCafe.xcdatamodel */ = {isa = PBXFileReference; lastKnownFileType = wrapper.xcdatamodel; path = KafkaHummusCafe.xcdatamodel; sourceTree = "<group>"; };
/* End PBXFileReference section */

/* Begin PBXFrameworksBuildPhase section */
		CB3DC0DF2D4E65830018D9A7 /* Frameworks */ = {
			isa = PBXFrameworksBuildPhase;
			buildActionMask = 2147483647;
			files = (
			);
			runOnlyForDeploymentPostprocessing = 0;
		};
/* End PBXFrameworksBuildPhase section */

/* Begin PBXGroup section */
		CB3DC0D92D4E65830018D9A7 = {
			isa = PBXGroup;
			children = (
				CB3DC0E42D4E65830018D9A7 /* KafkaHummusCafe */,
				CB3DC0E32D4E65830018D9A7 /* Products */,
			);
			sourceTree = "<group>";
		};
		CB3DC0E32D4E65830018D9A7 /* Products */ = {
			isa = PBXGroup;
			children = (
				CB3DC0E22D4E65830018D9A7 /* KafkaHummusCafe.app */,
			);
			name = Products;
			sourceTree = "<group>";
		};
		CB3DC0E42D4E65830018D9A7 /* KafkaHummusCafe */ = {
			isa = PBXGroup;
			children = (
				CB3DC1402D4E75F30018D9A7 /* KafkaHummusCafe.xcdatamodeld */,
				CB3DC1152D4E6C040018D9A7 /* KafkaHummusCafeApp.swift */,
				CB3DC1122D4E6BB70018D9A7 /* Theme */,
				CB3DC1112D4E6BAD0018D9A7 /* ViewModels */,
				CB3DC1102D4E6BA50018D9A7 /* Views */,
				CB3DC10E2D4E6B830018D9A7 /* Models */,
				CB3DC0E92D4E65850018D9A7 /* Assets.xcassets */,
				CB3DC0EB2D4E65850018D9A7 /* Preview Content */,
			);
			path = KafkaHummusCafe;
			sourceTree = "<group>";
		};
		CB3DC0EB2D4E65850018D9A7 /* Preview Content */ = {
			isa = PBXGroup;
			children = (
				CB3DC0EC2D4E65850018D9A7 /* Preview Assets.xcassets */,
			);
			path = "Preview Content";
			sourceTree = "<group>";
		};
		CB3DC10E2D4E6B830018D9A7 /* Models */ = {
			isa = PBXGroup;
			children = (
				CB3DC13A2D4E749E0018D9A7 /* InvoicePreview.swift */,
				CB3DC1382D4E72180018D9A7 /* PersistenceController.swift */,
				CB3DC12D2D4E6DA50018D9A7 /* ScanResult.swift */,
				CB3DC11B2D4E6C830018D9A7 /* Transaction.swift */,
			);
			path = Models;
			sourceTree = "<group>";
		};
		CB3DC1102D4E6BA50018D9A7 /* Views */ = {
			isa = PBXGroup;
			children = (
				CB3DC13E2D4E75460018D9A7 /* InvoicePreviewView.swift */,
				CB3DC12B2D4E6D5D0018D9A7 /* TransactionInputView.swift */,
				CB3DC1272D4E6D2F0018D9A7 /* AnalyticsView.swift */,
				CB3DC1232D4E6D020018D9A7 /* DashboardView.swift */,
				CB3DC11F2D4E6CC20018D9A7 /* LoginView.swift */,
				CB3DC1172D4E6C580018D9A7 /* ContentView.swift */,
			);
			path = Views;
			sourceTree = "<group>";
		};
		CB3DC1112D4E6BAD0018D9A7 /* ViewModels */ = {
			isa = PBXGroup;
			children = (
				CB3DC13C2D4E74BE0018D9A7 /* InvoicePreviewViewModel.swift */,
				CB3DC1292D4E6D4D0018D9A7 /* TransactionInputViewModel.swift */,
				CB3DC1252D4E6D1F0018D9A7 /* AnalyticsViewModel.swift */,
				CB3DC1212D4E6CFA0018D9A7 /* DashboardViewModel.swift */,
				CB3DC11D2D4E6CB70018D9A7 /* LoginViewModel.swift */,
			);
			path = ViewModels;
			sourceTree = "<group>";
		};
		CB3DC1122D4E6BB70018D9A7 /* Theme */ = {
			isa = PBXGroup;
			children = (
				CB3DC1192D4E6C6B0018D9A7 /* ThemeColors.swift */,
			);
			path = Theme;
			sourceTree = "<group>";
		};
/* End PBXGroup section */

/* Begin PBXNativeTarget section */
		CB3DC0E12D4E65830018D9A7 /* KafkaHummusCafe */ = {
			isa = PBXNativeTarget;
			buildConfigurationList = CB3DC0F02D4E65850018D9A7 /* Build configuration list for PBXNativeTarget "KafkaHummusCafe" */;
			buildPhases = (
				CB3DC0DE2D4E65830018D9A7 /* Sources */,
				CB3DC0DF2D4E65830018D9A7 /* Frameworks */,
				CB3DC0E02D4E65830018D9A7 /* Resources */,
			);
			buildRules = (
			);
			dependencies = (
			);
			name = KafkaHummusCafe;
			productName = KafkaHummusCafe;
			productReference = CB3DC0E22D4E65830018D9A7 /* KafkaHummusCafe.app */;
			productType = "com.apple.product-type.application";
		};
/* End PBXNativeTarget section */

/* Begin PBXProject section */
		CB3DC0DA2D4E65830018D9A7 /* Project object */ = {
			isa = PBXProject;
			attributes = {
				BuildIndependentTargetsInParallel = 1;
				LastSwiftUpdateCheck = 1520;
				LastUpgradeCheck = 1520;
				TargetAttributes = {
					CB3DC0E12D4E65830018D9A7 = {
						CreatedOnToolsVersion = 15.2;
						LastSwiftMigration = 1520;
					};
				};
			};
			buildConfigurationList = CB3DC0DD2D4E65830018D9A7 /* Build configuration list for PBXProject "KafkaHummusCafe" */;
			compatibilityVersion = "Xcode 14.0";
			developmentRegion = en;
			hasScannedForEncodings = 0;
			knownRegions = (
				en,
				Base,
			);
			mainGroup = CB3DC0D92D4E65830018D9A7;
			productRefGroup = CB3DC0E32D4E65830018D9A7 /* Products */;
			projectDirPath = "";
			projectRoot = "";
			targets = (
				CB3DC0E12D4E65830018D9A7 /* KafkaHummusCafe */,
			);
		};
/* End PBXProject section */

/* Begin PBXResourcesBuildPhase section */
		CB3DC0E02D4E65830018D9A7 /* Resources */ = {
			isa = PBXResourcesBuildPhase;
			buildActionMask = 2147483647;
			files = (
				CB3DC0ED2D4E65850018D9A7 /* Preview Assets.xcassets in Resources */,
				CB3DC0EA2D4E65850018D9A7 /* Assets.xcassets in Resources */,
			);
			runOnlyForDeploymentPostprocessing = 0;
		};
/* End PBXResourcesBuildPhase section */

/* Begin PBXSourcesBuildPhase section */
		CB3DC0DE2D4E65830018D9A7 /* Sources */ = {
			isa = PBXSourcesBuildPhase;
			buildActionMask = 2147483647;
			files = (
				CB3DC13F2D4E75460018D9A7 /* InvoicePreviewView.swift in Sources */,
				CB3DC1202D4E6CC20018D9A7 /* LoginView.swift in Sources */,
				CB3DC1242D4E6D020018D9A7 /* DashboardView.swift in Sources */,
				CB3DC12C2D4E6D5D0018D9A7 /* TransactionInputView.swift in Sources */,
				CB3DC12A2D4E6D4D0018D9A7 /* TransactionInputViewModel.swift in Sources */,
				CB3DC1182D4E6C580018D9A7 /* ContentView.swift in Sources */,
				CB3DC1282D4E6D300018D9A7 /* AnalyticsView.swift in Sources */,
				CB3DC12E2D4E6DA50018D9A7 /* ScanResult.swift in Sources */,
				CB3DC13D2D4E74BE0018D9A7 /* InvoicePreviewViewModel.swift in Sources */,
				CB3DC1162D4E6C040018D9A7 /* KafkaHummusCafeApp.swift in Sources */,
				CB3DC1422D4E75F30018D9A7 /* KafkaHummusCafe.xcdatamodeld in Sources */,
				CB3DC1392D4E72180018D9A7 /* PersistenceController.swift in Sources */,
				CB3DC11C2D4E6C830018D9A7 /* Transaction.swift in Sources */,
				CB3DC1262D4E6D1F0018D9A7 /* AnalyticsViewModel.swift in Sources */,
				CB3DC11E2D4E6CB70018D9A7 /* LoginViewModel.swift in Sources */,
				CB3DC11A2D4E6C6B0018D9A7 /* ThemeColors.swift in Sources */,
				CB3DC13B2D4E749E0018D9A7 /* InvoicePreview.swift in Sources */,
				CB3DC1222D4E6CFA0018D9A7 /* DashboardViewModel.swift in Sources */,
			);
			runOnlyForDeploymentPostprocessing = 0;
		};
/* End PBXSourcesBuildPhase section */

/* Begin XCBuildConfiguration section */
		CB3DC0EE2D4E65850018D9A7 /* Debug */ = {
			isa = XCBuildConfiguration;
			buildSettings = {
				ALWAYS_SEARCH_USER_PATHS = NO;
				ASSETCATALOG_COMPILER_GENERATE_SWIFT_ASSET_SYMBOL_EXTENSIONS = YES;
				CLANG_ANALYZER_NONNULL = YES;
				CLANG_ANALYZER_NUMBER_OBJECT_CONVERSION = YES_AGGRESSIVE;
				CLANG_CXX_LANGUAGE_STANDARD = "gnu++20";
				CLANG_ENABLE_MODULES = YES;
				CLANG_ENABLE_OBJC_ARC = YES;
				CLANG_ENABLE_OBJC_WEAK = YES;
				CLANG_WARN_BLOCK_CAPTURE_AUTORELEASING = YES;
				CLANG_WARN_BOOL_CONVERSION = YES;
				CLANG_WARN_COMMA = YES;
				CLANG_WARN_CONSTANT_CONVERSION = YES;
				CLANG_WARN_DEPRECATED_OBJC_IMPLEMENTATIONS = YES;
				CLANG_WARN_DIRECT_OBJC_ISA_USAGE = YES_ERROR;
				CLANG_WARN_DOCUMENTATION_COMMENTS = YES;
				CLANG_WARN_EMPTY_BODY = YES;
				CLANG_WARN_ENUM_CONVERSION = YES;
				CLANG_WARN_INFINITE_RECURSION = YES;
				CLANG_WARN_INT_CONVERSION = YES;
				CLANG_WARN_NON_LITERAL_NULL_CONVERSION = YES;
				CLANG_WARN_OBJC_IMPLICIT_RETAIN_SELF = YES;
				CLANG_WARN_OBJC_LITERAL_CONVERSION = YES;
				CLANG_WARN_OBJC_ROOT_CLASS = YES_ERROR;
				CLANG_WARN_QUOTED_INCLUDE_IN_FRAMEWORK_HEADER = YES;
				CLANG_WARN_RANGE_LOOP_ANALYSIS = YES;
				CLANG_WARN_STRICT_PROTOTYPES = YES;
				CLANG_WARN_SUSPICIOUS_MOVE = YES;
				CLANG_WARN_UNGUARDED_AVAILABILITY = YES_AGGRESSIVE;
				CLANG_WARN_UNREACHABLE_CODE = YES;
				CLANG_WARN__DUPLICATE_METHOD_MATCH = YES;
				COPY_PHASE_STRIP = NO;
				DEBUG_INFORMATION_FORMAT = dwarf;
				ENABLE_STRICT_OBJC_MSGSEND = YES;
				ENABLE_TESTABILITY = YES;
				ENABLE_USER_SCRIPT_SANDBOXING = YES;
				GCC_C_LANGUAGE_STANDARD = gnu17;
				GCC_DYNAMIC_NO_PIC = NO;
				GCC_NO_COMMON_BLOCKS = YES;
				GCC_OPTIMIZATION_LEVEL = 0;
				GCC_PREPROCESSOR_DEFINITIONS = (
					"DEBUG=1",
					"$(inherited)",
				);
				GCC_WARN_64_TO_32_BIT_CONVERSION = YES;
				GCC_WARN_ABOUT_RETURN_TYPE = YES_ERROR;
				GCC_WARN_UNDECLARED_SELECTOR = YES;
				GCC_WARN_UNINITIALIZED_AUTOS = YES_AGGRESSIVE;
				GCC_WARN_UNUSED_FUNCTION = YES;
				GCC_WARN_UNUSED_VARIABLE = YES;
				IPHONEOS_DEPLOYMENT_TARGET = 17.2;
				LOCALIZATION_PREFERS_STRING_CATALOGS = YES;
				MTL_ENABLE_DEBUG_INFO = INCLUDE_SOURCE;
				MTL_FAST_MATH = YES;
				ONLY_ACTIVE_ARCH = YES;
				SDKROOT = iphoneos;
				SWIFT_ACTIVE_COMPILATION_CONDITIONS = "DEBUG $(inherited)";
				SWIFT_OPTIMIZATION_LEVEL = "-Onone";
			};
			name = Debug;
		};
		CB3DC0EF2D4E65850018D9A7 /* Release */ = {
			isa = XCBuildConfiguration;
			buildSettings = {
				ALWAYS_SEARCH_USER_PATHS = NO;
				ASSETCATALOG_COMPILER_GENERATE_SWIFT_ASSET_SYMBOL_EXTENSIONS = YES;
				CLANG_ANALYZER_NONNULL = YES;
				CLANG_ANALYZER_NUMBER_OBJECT_CONVERSION = YES_AGGRESSIVE;
				CLANG_CXX_LANGUAGE_STANDARD = "gnu++20";
				CLANG_ENABLE_MODULES = YES;
				CLANG_ENABLE_OBJC_ARC = YES;
				CLANG_ENABLE_OBJC_WEAK = YES;
				CLANG_WARN_BLOCK_CAPTURE_AUTORELEASING = YES;
				CLANG_WARN_BOOL_CONVERSION = YES;
				CLANG_WARN_COMMA = YES;
				CLANG_WARN_CONSTANT_CONVERSION = YES;
				CLANG_WARN_DEPRECATED_OBJC_IMPLEMENTATIONS = YES;
				CLANG_WARN_DIRECT_OBJC_ISA_USAGE = YES_ERROR;
				CLANG_WARN_DOCUMENTATION_COMMENTS = YES;
				CLANG_WARN_EMPTY_BODY = YES;
				CLANG_WARN_ENUM_CONVERSION = YES;
				CLANG_WARN_INFINITE_RECURSION = YES;
				CLANG_WARN_INT_CONVERSION = YES;
				CLANG_WARN_NON_LITERAL_NULL_CONVERSION = YES;
				CLANG_WARN_OBJC_IMPLICIT_RETAIN_SELF = YES;
				CLANG_WARN_OBJC_LITERAL_CONVERSION = YES;
				CLANG_WARN_OBJC_ROOT_CLASS = YES_ERROR;
				CLANG_WARN_QUOTED_INCLUDE_IN_FRAMEWORK_HEADER = YES;
				CLANG_WARN_RANGE_LOOP_ANALYSIS = YES;
				CLANG_WARN_STRICT_PROTOTYPES = YES;
				CLANG_WARN_SUSPICIOUS_MOVE = YES;
				CLANG_WARN_UNGUARDED_AVAILABILITY = YES_AGGRESSIVE;
				CLANG_WARN_UNREACHABLE_CODE = YES;
				CLANG_WARN__DUPLICATE_METHOD_MATCH = YES;
				COPY_PHASE_STRIP = NO;
				DEBUG_INFORMATION_FORMAT = "dwarf-with-dsym";
				ENABLE_NS_ASSERTIONS = NO;
				ENABLE_STRICT_OBJC_MSGSEND = YES;
				ENABLE_USER_SCRIPT_SANDBOXING = YES;
				GCC_C_LANGUAGE_STANDARD = gnu17;
				GCC_NO_COMMON_BLOCKS = YES;
				GCC_WARN_64_TO_32_BIT_CONVERSION = YES;
				GCC_WARN_ABOUT_RETURN_TYPE = YES_ERROR;
				GCC_WARN_UNDECLARED_SELECTOR = YES;
				GCC_WARN_UNINITIALIZED_AUTOS = YES_AGGRESSIVE;
				GCC_WARN_UNUSED_FUNCTION = YES;
				GCC_WARN_UNUSED_VARIABLE = YES;
				IPHONEOS_DEPLOYMENT_TARGET = 17.2;
				LOCALIZATION_PREFERS_STRING_CATALOGS = YES;
				MTL_ENABLE_DEBUG_INFO = NO;
				MTL_FAST_MATH = YES;
				SDKROOT = iphoneos;
				SWIFT_COMPILATION_MODE = wholemodule;
				VALIDATE_PRODUCT = YES;
			};
			name = Release;
		};
		CB3DC0F12D4E65850018D9A7 /* Debug */ = {
			isa = XCBuildConfiguration;
			buildSettings = {
				ASSETCATALOG_COMPILER_APPICON_NAME = AppIcon;
				ASSETCATALOG_COMPILER_GLOBAL_ACCENT_COLOR_NAME = AccentColor;
				CLANG_ENABLE_MODULES = YES;
				CODE_SIGN_STYLE = Automatic;
				CURRENT_PROJECT_VERSION = 1;
				DEVELOPMENT_ASSET_PATHS = "\"KafkaHummusCafe/Preview Content\"";
				DEVELOPMENT_TEAM = H2T4NM3M8F;
				ENABLE_PREVIEWS = YES;
				GENERATE_INFOPLIST_FILE = YES;
				INFOPLIST_KEY_NSCameraUsageDescription = "We need camera access to scan invoices";
				INFOPLIST_KEY_NSFaceIDUsageDescription = "We use Face ID to securely log you into the Kafka Hummus Café Dashboard";
				INFOPLIST_KEY_NSPhotoLibraryAddUsageDescription = "We need photo library access to select invoice images";
				INFOPLIST_KEY_UIApplicationSceneManifest_Generation = YES;
				INFOPLIST_KEY_UIApplicationSupportsIndirectInputEvents = YES;
				INFOPLIST_KEY_UILaunchScreen_Generation = YES;
				INFOPLIST_KEY_UISupportedInterfaceOrientations_iPad = "UIInterfaceOrientationPortrait UIInterfaceOrientationPortraitUpsideDown UIInterfaceOrientationLandscapeLeft UIInterfaceOrientationLandscapeRight";
				INFOPLIST_KEY_UISupportedInterfaceOrientations_iPhone = "UIInterfaceOrientationPortrait UIInterfaceOrientationLandscapeLeft UIInterfaceOrientationLandscapeRight";
				LD_RUNPATH_SEARCH_PATHS = (
					"$(inherited)",
					"@executable_path/Frameworks",
				);
				MARKETING_VERSION = 1.0;
				PRODUCT_BUNDLE_IDENTIFIER = com.alessandro.KafkaHummusCafe;
				PRODUCT_NAME = "$(TARGET_NAME)";
				SWIFT_EMIT_LOC_STRINGS = YES;
				SWIFT_OPTIMIZATION_LEVEL = "-Onone";
				SWIFT_VERSION = 5.0;
				TARGETED_DEVICE_FAMILY = "1,2";
			};
			name = Debug;
		};
		CB3DC0F22D4E65850018D9A7 /* Release */ = {
			isa = XCBuildConfiguration;
			buildSettings = {
				ASSETCATALOG_COMPILER_APPICON_NAME = AppIcon;
				ASSETCATALOG_COMPILER_GLOBAL_ACCENT_COLOR_NAME = AccentColor;
				CLANG_ENABLE_MODULES = YES;
				CODE_SIGN_STYLE = Automatic;
				CURRENT_PROJECT_VERSION = 1;
				DEVELOPMENT_ASSET_PATHS = "\"KafkaHummusCafe/Preview Content\"";
				DEVELOPMENT_TEAM = H2T4NM3M8F;
				ENABLE_PREVIEWS = YES;
				GENERATE_INFOPLIST_FILE = YES;
				INFOPLIST_KEY_NSCameraUsageDescription = "We need camera access to scan invoices";
				INFOPLIST_KEY_NSFaceIDUsageDescription = "We use Face ID to securely log you into the Kafka Hummus Café Dashboard";
				INFOPLIST_KEY_NSPhotoLibraryAddUsageDescription = "We need photo library access to select invoice images";
				INFOPLIST_KEY_UIApplicationSceneManifest_Generation = YES;
				INFOPLIST_KEY_UIApplicationSupportsIndirectInputEvents = YES;
				INFOPLIST_KEY_UILaunchScreen_Generation = YES;
				INFOPLIST_KEY_UISupportedInterfaceOrientations_iPad = "UIInterfaceOrientationPortrait UIInterfaceOrientationPortraitUpsideDown UIInterfaceOrientationLandscapeLeft UIInterfaceOrientationLandscapeRight";
				INFOPLIST_KEY_UISupportedInterfaceOrientations_iPhone = "UIInterfaceOrientationPortrait UIInterfaceOrientationLandscapeLeft UIInterfaceOrientationLandscapeRight";
				LD_RUNPATH_SEARCH_PATHS = (
					"$(inherited)",
					"@executable_path/Frameworks",
				);
				MARKETING_VERSION = 1.0;
				PRODUCT_BUNDLE_IDENTIFIER = com.alessandro.KafkaHummusCafe;
				PRODUCT_NAME = "$(TARGET_NAME)";
				SWIFT_EMIT_LOC_STRINGS = YES;
				SWIFT_VERSION = 5.0;
				TARGETED_DEVICE_FAMILY = "1,2";
			};
			name = Release;
		};
/* End XCBuildConfiguration section */

/* Begin XCConfigurationList section */
		CB3DC0DD2D4E65830018D9A7 /* Build configuration list for PBXProject "KafkaHummusCafe" */ = {
			isa = XCConfigurationList;
			buildConfigurations = (
				CB3DC0EE2D4E65850018D9A7 /* Debug */,
				CB3DC0EF2D4E65850018D9A7 /* Release */,
			);
			defaultConfigurationIsVisible = 0;
			defaultConfigurationName = Release;
		};
		CB3DC0F02D4E65850018D9A7 /* Build configuration list for PBXNativeTarget "KafkaHummusCafe" */ = {
			isa = XCConfigurationList;
			buildConfigurations = (
				CB3DC0F12D4E65850018D9A7 /* Debug */,
				CB3DC0F22D4E65850018D9A7 /* Release */,
			);
			defaultConfigurationIsVisible = 0;
			defaultConfigurationName = Release;
		};
/* End XCConfigurationList section */

/* Begin XCVersionGroup section */
		CB3DC1402D4E75F30018D9A7 /* KafkaHummusCafe.xcdatamodeld */ = {
			isa = XCVersionGroup;
			children = (
				CB3DC1412D4E75F30018D9A7 /* KafkaHummusCafe.xcdatamodel */,
			);
			currentVersion = CB3DC1412D4E75F30018D9A7 /* KafkaHummusCafe.xcdatamodel */;
			path = KafkaHummusCafe.xcdatamodeld;
			sourceTree = "<group>";
			versionGroupType = wrapper.xcdatamodel;
		};
/* End XCVersionGroup section */
	};
	rootObject = CB3DC0DA2D4E65830018D9A7 /* Project object */;
}
